// !$*UTF8*$!
{
	archiveVersion = 1;
	classes = {
	};
	objectVersion = 50;
	objects = {

/* Begin PBXBuildFile section */
		5A100CF0265531B900C00534 /* SignalGeneratorApp.swift in Sources */ = {isa = PBXBuildFile; fileRef = 5A100CDD265531B800C00534 /* SignalGeneratorApp.swift */; };
		5A100CF1265531B900C00534 /* SignalGeneratorApp.swift in Sources */ = {isa = PBXBuildFile; fileRef = 5A100CDD265531B800C00534 /* SignalGeneratorApp.swift */; };
		5A100CF2265531B900C00534 /* ContentView.swift in Sources */ = {isa = PBXBuildFile; fileRef = 5A100CDE265531B800C00534 /* ContentView.swift */; };
		5A100CF3265531B900C00534 /* ContentView.swift in Sources */ = {isa = PBXBuildFile; fileRef = 5A100CDE265531B800C00534 /* ContentView.swift */; };
		5A100CF4265531B900C00534 /* Assets.xcassets in Resources */ = {isa = PBXBuildFile; fileRef = 5A100CDF265531B800C00534 /* Assets.xcassets */; };
		5A100CF5265531B900C00534 /* Assets.xcassets in Resources */ = {isa = PBXBuildFile; fileRef = 5A100CDF265531B800C00534 /* Assets.xcassets */; };
		5A100CFF265531CA00C00534 /* SignalGenerator.swift in Sources */ = {isa = PBXBuildFile; fileRef = 5A100CFE265531CA00C00534 /* SignalGenerator.swift */; };
		5A100D00265531CA00C00534 /* SignalGenerator.swift in Sources */ = {isa = PBXBuildFile; fileRef = 5A100CFE265531CA00C00534 /* SignalGenerator.swift */; };
		5A100D022655513500C00534 /* FrequencySliderView.swift in Sources */ = {isa = PBXBuildFile; fileRef = 5A100D012655513500C00534 /* FrequencySliderView.swift */; };
		5A100D032655513500C00534 /* FrequencySliderView.swift in Sources */ = {isa = PBXBuildFile; fileRef = 5A100D012655513500C00534 /* FrequencySliderView.swift */; };
		5A100D0526555B4500C00534 /* AudioNode.swift in Sources */ = {isa = PBXBuildFile; fileRef = 5A100D0426555B4500C00534 /* AudioNode.swift */; };
		5A100D0626555B4500C00534 /* AudioNode.swift in Sources */ = {isa = PBXBuildFile; fileRef = 5A100D0426555B4500C00534 /* AudioNode.swift */; };
		5A100D142656064000C00534 /* SpectrogramView.swift in Sources */ = {isa = PBXBuildFile; fileRef = 5A100D132656064000C00534 /* SpectrogramView.swift */; };
		5A100D152656064000C00534 /* SpectrogramView.swift in Sources */ = {isa = PBXBuildFile; fileRef = 5A100D132656064000C00534 /* SpectrogramView.swift */; };
		5A100D1726560C8A00C00534 /* SpectrumAnalyzerView.swift in Sources */ = {isa = PBXBuildFile; fileRef = 5A100D1626560C8A00C00534 /* SpectrumAnalyzerView.swift */; };
		5A100D1826560C8A00C00534 /* SpectrumAnalyzerView.swift in Sources */ = {isa = PBXBuildFile; fileRef = 5A100D1626560C8A00C00534 /* SpectrumAnalyzerView.swift */; };
		5A100D2226563ED800C00534 /* MelSpectrogram.swift in Sources */ = {isa = PBXBuildFile; fileRef = 5A100D1F26563ED800C00534 /* MelSpectrogram.swift */; };
		5A100D2326563ED800C00534 /* MelSpectrogram.swift in Sources */ = {isa = PBXBuildFile; fileRef = 5A100D1F26563ED800C00534 /* MelSpectrogram.swift */; };
		5A100D2626563ED800C00534 /* MelSpectrogramMelSupport.swift in Sources */ = {isa = PBXBuildFile; fileRef = 5A100D2126563ED800C00534 /* MelSpectrogramMelSupport.swift */; };
		5A100D2726563ED800C00534 /* MelSpectrogramMelSupport.swift in Sources */ = {isa = PBXBuildFile; fileRef = 5A100D2126563ED800C00534 /* MelSpectrogramMelSupport.swift */; };
		5A100D2B26563FCA00C00534 /* AudioSpectrogram.swift in Sources */ = {isa = PBXBuildFile; fileRef = 5A100D2926563FCA00C00534 /* AudioSpectrogram.swift */; };
		5A100D2C26563FCA00C00534 /* AudioSpectrogram.swift in Sources */ = {isa = PBXBuildFile; fileRef = 5A100D2926563FCA00C00534 /* AudioSpectrogram.swift */; };
		5A100D312656439600C00534 /* LICENSE_AudioSpectrogram.txt in Resources */ = {isa = PBXBuildFile; fileRef = 5A100D302656439600C00534 /* LICENSE_AudioSpectrogram.txt */; };
		5A100D322656439600C00534 /* LICENSE_AudioSpectrogram.txt in Resources */ = {isa = PBXBuildFile; fileRef = 5A100D302656439600C00534 /* LICENSE_AudioSpectrogram.txt */; };
		5A100D34265643B300C00534 /* LICENSE_MelSpectrogram.txt in Resources */ = {isa = PBXBuildFile; fileRef = 5A100D33265643B300C00534 /* LICENSE_MelSpectrogram.txt */; };
		5A100D35265643B300C00534 /* LICENSE_MelSpectrogram.txt in Resources */ = {isa = PBXBuildFile; fileRef = 5A100D33265643B300C00534 /* LICENSE_MelSpectrogram.txt */; };
		5A4F67F0266F757700F5A0AC /* FFT.swift in Sources */ = {isa = PBXBuildFile; fileRef = 5A4F67EF266F757700F5A0AC /* FFT.swift */; };
		5A4F67F1266F757700F5A0AC /* FFT.swift in Sources */ = {isa = PBXBuildFile; fileRef = 5A4F67EF266F757700F5A0AC /* FFT.swift */; };
		5A6D73C4266DBB9300654545 /* AudioSource.swift in Sources */ = {isa = PBXBuildFile; fileRef = 5A6D73C3266DBB9300654545 /* AudioSource.swift */; };
		5A6D73C5266DBB9300654545 /* AudioSource.swift in Sources */ = {isa = PBXBuildFile; fileRef = 5A6D73C3266DBB9300654545 /* AudioSource.swift */; };
		5A6D73C7266DC00800654545 /* RealTimeSpectrogram.swift in Sources */ = {isa = PBXBuildFile; fileRef = 5A6D73C6266DC00800654545 /* RealTimeSpectrogram.swift */; };
		5A6D73C8266DC00800654545 /* RealTimeSpectrogram.swift in Sources */ = {isa = PBXBuildFile; fileRef = 5A6D73C6266DC00800654545 /* RealTimeSpectrogram.swift */; };
		5A6D73CA266DC33C00654545 /* Spectrum.swift in Sources */ = {isa = PBXBuildFile; fileRef = 5A6D73C9266DC33C00654545 /* Spectrum.swift */; };
		5A6D73CB266DC33C00654545 /* Spectrum.swift in Sources */ = {isa = PBXBuildFile; fileRef = 5A6D73C9266DC33C00654545 /* Spectrum.swift */; };
/* End PBXBuildFile section */

/* Begin PBXFileReference section */
		5A100CDD265531B800C00534 /* SignalGeneratorApp.swift */ = {isa = PBXFileReference; lastKnownFileType = sourcecode.swift; path = SignalGeneratorApp.swift; sourceTree = "<group>"; };
		5A100CDE265531B800C00534 /* ContentView.swift */ = {isa = PBXFileReference; lastKnownFileType = sourcecode.swift; path = ContentView.swift; sourceTree = "<group>"; };
		5A100CDF265531B800C00534 /* Assets.xcassets */ = {isa = PBXFileReference; lastKnownFileType = folder.assetcatalog; path = Assets.xcassets; sourceTree = "<group>"; };
		5A100CE4265531B900C00534 /* SignalGenerator.app */ = {isa = PBXFileReference; explicitFileType = wrapper.application; includeInIndex = 0; path = SignalGenerator.app; sourceTree = BUILT_PRODUCTS_DIR; };
		5A100CE7265531B900C00534 /* Info.plist */ = {isa = PBXFileReference; lastKnownFileType = text.plist.xml; path = Info.plist; sourceTree = "<group>"; };
		5A100CEC265531B900C00534 /* SignalGenerator.app */ = {isa = PBXFileReference; explicitFileType = wrapper.application; includeInIndex = 0; path = SignalGenerator.app; sourceTree = BUILT_PRODUCTS_DIR; };
		5A100CEE265531B900C00534 /* Info.plist */ = {isa = PBXFileReference; lastKnownFileType = text.plist.xml; path = Info.plist; sourceTree = "<group>"; };
		5A100CEF265531B900C00534 /* macOS.entitlements */ = {isa = PBXFileReference; lastKnownFileType = text.plist.entitlements; path = macOS.entitlements; sourceTree = "<group>"; };
		5A100CFE265531CA00C00534 /* SignalGenerator.swift */ = {isa = PBXFileReference; lastKnownFileType = sourcecode.swift; path = SignalGenerator.swift; sourceTree = "<group>"; };
		5A100D012655513500C00534 /* FrequencySliderView.swift */ = {isa = PBXFileReference; lastKnownFileType = sourcecode.swift; path = FrequencySliderView.swift; sourceTree = "<group>"; };
		5A100D0426555B4500C00534 /* AudioNode.swift */ = {isa = PBXFileReference; lastKnownFileType = sourcecode.swift; path = AudioNode.swift; sourceTree = "<group>"; };
		5A100D132656064000C00534 /* SpectrogramView.swift */ = {isa = PBXFileReference; lastKnownFileType = sourcecode.swift; path = SpectrogramView.swift; sourceTree = "<group>"; };
		5A100D1626560C8A00C00534 /* SpectrumAnalyzerView.swift */ = {isa = PBXFileReference; lastKnownFileType = sourcecode.swift; path = SpectrumAnalyzerView.swift; sourceTree = "<group>"; };
		5A100D1F26563ED800C00534 /* MelSpectrogram.swift */ = {isa = PBXFileReference; fileEncoding = 4; lastKnownFileType = sourcecode.swift; path = MelSpectrogram.swift; sourceTree = "<group>"; };
		5A100D2126563ED800C00534 /* MelSpectrogramMelSupport.swift */ = {isa = PBXFileReference; fileEncoding = 4; lastKnownFileType = sourcecode.swift; path = MelSpectrogramMelSupport.swift; sourceTree = "<group>"; };
		5A100D2926563FCA00C00534 /* AudioSpectrogram.swift */ = {isa = PBXFileReference; fileEncoding = 4; lastKnownFileType = sourcecode.swift; path = AudioSpectrogram.swift; sourceTree = "<group>"; };
		5A100D302656439600C00534 /* LICENSE_AudioSpectrogram.txt */ = {isa = PBXFileReference; fileEncoding = 4; lastKnownFileType = text; path = LICENSE_AudioSpectrogram.txt; sourceTree = "<group>"; };
		5A100D33265643B300C00534 /* LICENSE_MelSpectrogram.txt */ = {isa = PBXFileReference; fileEncoding = 4; lastKnownFileType = text; path = LICENSE_MelSpectrogram.txt; sourceTree = "<group>"; };
		5A4F67EF266F757700F5A0AC /* FFT.swift */ = {isa = PBXFileReference; lastKnownFileType = sourcecode.swift; path = FFT.swift; sourceTree = "<group>"; };
		5A6D73C3266DBB9300654545 /* AudioSource.swift */ = {isa = PBXFileReference; lastKnownFileType = sourcecode.swift; name = AudioSource.swift; path = Shared/AudioSource.swift; sourceTree = SOURCE_ROOT; };
		5A6D73C6266DC00800654545 /* RealTimeSpectrogram.swift */ = {isa = PBXFileReference; lastKnownFileType = sourcecode.swift; path = RealTimeSpectrogram.swift; sourceTree = "<group>"; };
		5A6D73C9266DC33C00654545 /* Spectrum.swift */ = {isa = PBXFileReference; lastKnownFileType = sourcecode.swift; path = Spectrum.swift; sourceTree = "<group>"; };
/* End PBXFileReference section */

/* Begin PBXFrameworksBuildPhase section */
		5A100CE1265531B900C00534 /* Frameworks */ = {
			isa = PBXFrameworksBuildPhase;
			buildActionMask = 2147483647;
			files = (
			);
			runOnlyForDeploymentPostprocessing = 0;
		};
		5A100CE9265531B900C00534 /* Frameworks */ = {
			isa = PBXFrameworksBuildPhase;
			buildActionMask = 2147483647;
			files = (
			);
			runOnlyForDeploymentPostprocessing = 0;
		};
/* End PBXFrameworksBuildPhase section */

/* Begin PBXGroup section */
		5A100CD7265531B800C00534 = {
			isa = PBXGroup;
			children = (
				5A100CDC265531B800C00534 /* Shared */,
				5A100CE6265531B900C00534 /* iOS */,
				5A100CED265531B900C00534 /* macOS */,
				5A100CE5265531B900C00534 /* Products */,
			);
			sourceTree = "<group>";
		};
		5A100CDC265531B800C00534 /* Shared */ = {
			isa = PBXGroup;
			children = (
				5A6D73C3266DBB9300654545 /* AudioSource.swift */,
				5A100D2F26563FD600C00534 /* OriginalSpectrogram */,
				5A100D2826563EE100C00534 /* OriginalMel */,
				5A100CDD265531B800C00534 /* SignalGeneratorApp.swift */,
				5A100CDE265531B800C00534 /* ContentView.swift */,
				5A100D1626560C8A00C00534 /* SpectrumAnalyzerView.swift */,
				5A100D132656064000C00534 /* SpectrogramView.swift */,
				5A4F67EF266F757700F5A0AC /* FFT.swift */,
				5A6D73C6266DC00800654545 /* RealTimeSpectrogram.swift */,
				5A6D73C9266DC33C00654545 /* Spectrum.swift */,
				5A100D012655513500C00534 /* FrequencySliderView.swift */,
				5A100CFE265531CA00C00534 /* SignalGenerator.swift */,
				5A100D0426555B4500C00534 /* AudioNode.swift */,
				5A100CDF265531B800C00534 /* Assets.xcassets */,
			);
			path = Shared;
			sourceTree = "<group>";
		};
		5A100CE5265531B900C00534 /* Products */ = {
			isa = PBXGroup;
			children = (
				5A100CE4265531B900C00534 /* SignalGenerator.app */,
				5A100CEC265531B900C00534 /* SignalGenerator.app */,
			);
			name = Products;
			sourceTree = "<group>";
		};
		5A100CE6265531B900C00534 /* iOS */ = {
			isa = PBXGroup;
			children = (
				5A100CE7265531B900C00534 /* Info.plist */,
			);
			path = iOS;
			sourceTree = "<group>";
		};
		5A100CED265531B900C00534 /* macOS */ = {
			isa = PBXGroup;
			children = (
				5A100CEE265531B900C00534 /* Info.plist */,
				5A100CEF265531B900C00534 /* macOS.entitlements */,
			);
			path = macOS;
			sourceTree = "<group>";
		};
		5A100D2826563EE100C00534 /* OriginalMel */ = {
			isa = PBXGroup;
			children = (
				5A100D33265643B300C00534 /* LICENSE_MelSpectrogram.txt */,
				5A100D1F26563ED800C00534 /* MelSpectrogram.swift */,
				5A100D2126563ED800C00534 /* MelSpectrogramMelSupport.swift */,
			);
			path = OriginalMel;
			sourceTree = "<group>";
		};
		5A100D2F26563FD600C00534 /* OriginalSpectrogram */ = {
			isa = PBXGroup;
			children = (
				5A100D302656439600C00534 /* LICENSE_AudioSpectrogram.txt */,
				5A100D2926563FCA00C00534 /* AudioSpectrogram.swift */,
			);
			path = OriginalSpectrogram;
			sourceTree = "<group>";
		};
/* End PBXGroup section */

/* Begin PBXNativeTarget section */
		5A100CE3265531B900C00534 /* SignalGenerator (iOS) */ = {
			isa = PBXNativeTarget;
			buildConfigurationList = 5A100CF8265531B900C00534 /* Build configuration list for PBXNativeTarget "SignalGenerator (iOS)" */;
			buildPhases = (
				5A100CE0265531B900C00534 /* Sources */,
				5A100CE1265531B900C00534 /* Frameworks */,
				5A100CE2265531B900C00534 /* Resources */,
			);
			buildRules = (
			);
			dependencies = (
			);
			name = "SignalGenerator (iOS)";
			productName = "SignalGenerator (iOS)";
			productReference = 5A100CE4265531B900C00534 /* SignalGenerator.app */;
			productType = "com.apple.product-type.application";
		};
		5A100CEB265531B900C00534 /* SignalGenerator (macOS) */ = {
			isa = PBXNativeTarget;
			buildConfigurationList = 5A100CFB265531B900C00534 /* Build configuration list for PBXNativeTarget "SignalGenerator (macOS)" */;
			buildPhases = (
				5A100CE8265531B900C00534 /* Sources */,
				5A100CE9265531B900C00534 /* Frameworks */,
				5A100CEA265531B900C00534 /* Resources */,
			);
			buildRules = (
			);
			dependencies = (
			);
			name = "SignalGenerator (macOS)";
			productName = "SignalGenerator (macOS)";
			productReference = 5A100CEC265531B900C00534 /* SignalGenerator.app */;
			productType = "com.apple.product-type.application";
		};
/* End PBXNativeTarget section */

/* Begin PBXProject section */
		5A100CD8265531B800C00534 /* Project object */ = {
			isa = PBXProject;
			attributes = {
				LastSwiftUpdateCheck = 1250;
				LastUpgradeCheck = 1250;
				TargetAttributes = {
					5A100CE3265531B900C00534 = {
						CreatedOnToolsVersion = 12.5;
					};
					5A100CEB265531B900C00534 = {
						CreatedOnToolsVersion = 12.5;
					};
				};
			};
			buildConfigurationList = 5A100CDB265531B800C00534 /* Build configuration list for PBXProject "SignalGenerator" */;
			compatibilityVersion = "Xcode 9.3";
			developmentRegion = en;
			hasScannedForEncodings = 0;
			knownRegions = (
				en,
				Base,
			);
			mainGroup = 5A100CD7265531B800C00534;
			productRefGroup = 5A100CE5265531B900C00534 /* Products */;
			projectDirPath = "";
			projectRoot = "";
			targets = (
				5A100CE3265531B900C00534 /* SignalGenerator (iOS) */,
				5A100CEB265531B900C00534 /* SignalGenerator (macOS) */,
			);
		};
/* End PBXProject section */

/* Begin PBXResourcesBuildPhase section */
		5A100CE2265531B900C00534 /* Resources */ = {
			isa = PBXResourcesBuildPhase;
			buildActionMask = 2147483647;
			files = (
				5A100D34265643B300C00534 /* LICENSE_MelSpectrogram.txt in Resources */,
				5A100D312656439600C00534 /* LICENSE_AudioSpectrogram.txt in Resources */,
				5A100CF4265531B900C00534 /* Assets.xcassets in Resources */,
			);
			runOnlyForDeploymentPostprocessing = 0;
		};
		5A100CEA265531B900C00534 /* Resources */ = {
			isa = PBXResourcesBuildPhase;
			buildActionMask = 2147483647;
			files = (
				5A100D35265643B300C00534 /* LICENSE_MelSpectrogram.txt in Resources */,
				5A100D322656439600C00534 /* LICENSE_AudioSpectrogram.txt in Resources */,
				5A100CF5265531B900C00534 /* Assets.xcassets in Resources */,
			);
			runOnlyForDeploymentPostprocessing = 0;
		};
/* End PBXResourcesBuildPhase section */

/* Begin PBXSourcesBuildPhase section */
		5A100CE0265531B900C00534 /* Sources */ = {
			isa = PBXSourcesBuildPhase;
			buildActionMask = 2147483647;
			files = (
				5A6D73C7266DC00800654545 /* RealTimeSpectrogram.swift in Sources */,
				5A4F67F0266F757700F5A0AC /* FFT.swift in Sources */,
				5A100D142656064000C00534 /* SpectrogramView.swift in Sources */,
				5A100D022655513500C00534 /* FrequencySliderView.swift in Sources */,
				5A100D2626563ED800C00534 /* MelSpectrogramMelSupport.swift in Sources */,
				5A100D0526555B4500C00534 /* AudioNode.swift in Sources */,
				5A100CFF265531CA00C00534 /* SignalGenerator.swift in Sources */,
				5A100D2226563ED800C00534 /* MelSpectrogram.swift in Sources */,
				5A100CF2265531B900C00534 /* ContentView.swift in Sources */,
				5A100D2B26563FCA00C00534 /* AudioSpectrogram.swift in Sources */,
				5A6D73CA266DC33C00654545 /* Spectrum.swift in Sources */,
				5A100D1726560C8A00C00534 /* SpectrumAnalyzerView.swift in Sources */,
				5A6D73C4266DBB9300654545 /* AudioSource.swift in Sources */,
				5A100CF0265531B900C00534 /* SignalGeneratorApp.swift in Sources */,
			);
			runOnlyForDeploymentPostprocessing = 0;
		};
		5A100CE8265531B900C00534 /* Sources */ = {
			isa = PBXSourcesBuildPhase;
			buildActionMask = 2147483647;
			files = (
				5A6D73C8266DC00800654545 /* RealTimeSpectrogram.swift in Sources */,
				5A4F67F1266F757700F5A0AC /* FFT.swift in Sources */,
				5A100D152656064000C00534 /* SpectrogramView.swift in Sources */,
				5A100D032655513500C00534 /* FrequencySliderView.swift in Sources */,
				5A100D2726563ED800C00534 /* MelSpectrogramMelSupport.swift in Sources */,
				5A100D0626555B4500C00534 /* AudioNode.swift in Sources */,
				5A100D00265531CA00C00534 /* SignalGenerator.swift in Sources */,
				5A100D2326563ED800C00534 /* MelSpectrogram.swift in Sources */,
				5A100CF3265531B900C00534 /* ContentView.swift in Sources */,
				5A100D2C26563FCA00C00534 /* AudioSpectrogram.swift in Sources */,
				5A6D73CB266DC33C00654545 /* Spectrum.swift in Sources */,
				5A100D1826560C8A00C00534 /* SpectrumAnalyzerView.swift in Sources */,
				5A6D73C5266DBB9300654545 /* AudioSource.swift in Sources */,
				5A100CF1265531B900C00534 /* SignalGeneratorApp.swift in Sources */,
			);
			runOnlyForDeploymentPostprocessing = 0;
		};
/* End PBXSourcesBuildPhase section */

/* Begin XCBuildConfiguration section */
		5A100CF6265531B900C00534 /* Debug */ = {
			isa = XCBuildConfiguration;
			buildSettings = {
				ALWAYS_SEARCH_USER_PATHS = NO;
				CLANG_ANALYZER_NONNULL = YES;
				CLANG_ANALYZER_NUMBER_OBJECT_CONVERSION = YES_AGGRESSIVE;
				CLANG_CXX_LANGUAGE_STANDARD = "gnu++14";
				CLANG_CXX_LIBRARY = "libc++";
				CLANG_ENABLE_MODULES = YES;
				CLANG_ENABLE_OBJC_ARC = YES;
				CLANG_ENABLE_OBJC_WEAK = YES;
				CLANG_WARN_BLOCK_CAPTURE_AUTORELEASING = YES;
				CLANG_WARN_BOOL_CONVERSION = YES;
				CLANG_WARN_COMMA = YES;
				CLANG_WARN_CONSTANT_CONVERSION = YES;
				CLANG_WARN_DEPRECATED_OBJC_IMPLEMENTATIONS = YES;
				CLANG_WARN_DIRECT_OBJC_ISA_USAGE = YES_ERROR;
				CLANG_WARN_DOCUMENTATION_COMMENTS = YES;
				CLANG_WARN_EMPTY_BODY = YES;
				CLANG_WARN_ENUM_CONVERSION = YES;
				CLANG_WARN_INFINITE_RECURSION = YES;
				CLANG_WARN_INT_CONVERSION = YES;
				CLANG_WARN_NON_LITERAL_NULL_CONVERSION = YES;
				CLANG_WARN_OBJC_IMPLICIT_RETAIN_SELF = YES;
				CLANG_WARN_OBJC_LITERAL_CONVERSION = YES;
				CLANG_WARN_OBJC_ROOT_CLASS = YES_ERROR;
				CLANG_WARN_QUOTED_INCLUDE_IN_FRAMEWORK_HEADER = YES;
				CLANG_WARN_RANGE_LOOP_ANALYSIS = YES;
				CLANG_WARN_STRICT_PROTOTYPES = YES;
				CLANG_WARN_SUSPICIOUS_MOVE = YES;
				CLANG_WARN_UNGUARDED_AVAILABILITY = YES_AGGRESSIVE;
				CLANG_WARN_UNREACHABLE_CODE = YES;
				CLANG_WARN__DUPLICATE_METHOD_MATCH = YES;
				COPY_PHASE_STRIP = NO;
				DEBUG_INFORMATION_FORMAT = dwarf;
				ENABLE_STRICT_OBJC_MSGSEND = YES;
				ENABLE_TESTABILITY = YES;
				GCC_C_LANGUAGE_STANDARD = gnu11;
				GCC_DYNAMIC_NO_PIC = NO;
				GCC_NO_COMMON_BLOCKS = YES;
				GCC_OPTIMIZATION_LEVEL = 0;
				GCC_PREPROCESSOR_DEFINITIONS = (
					"DEBUG=1",
					"$(inherited)",
				);
				GCC_WARN_64_TO_32_BIT_CONVERSION = YES;
				GCC_WARN_ABOUT_RETURN_TYPE = YES_ERROR;
				GCC_WARN_UNDECLARED_SELECTOR = YES;
				GCC_WARN_UNINITIALIZED_AUTOS = YES_AGGRESSIVE;
				GCC_WARN_UNUSED_FUNCTION = YES;
				GCC_WARN_UNUSED_VARIABLE = YES;
				MTL_ENABLE_DEBUG_INFO = INCLUDE_SOURCE;
				MTL_FAST_MATH = YES;
				ONLY_ACTIVE_ARCH = YES;
				SWIFT_ACTIVE_COMPILATION_CONDITIONS = DEBUG;
				SWIFT_OPTIMIZATION_LEVEL = "-Onone";
			};
			name = Debug;
		};
		5A100CF7265531B900C00534 /* Release */ = {
			isa = XCBuildConfiguration;
			buildSettings = {
				ALWAYS_SEARCH_USER_PATHS = NO;
				CLANG_ANALYZER_NONNULL = YES;
				CLANG_ANALYZER_NUMBER_OBJECT_CONVERSION = YES_AGGRESSIVE;
				CLANG_CXX_LANGUAGE_STANDARD = "gnu++14";
				CLANG_CXX_LIBRARY = "libc++";
				CLANG_ENABLE_MODULES = YES;
				CLANG_ENABLE_OBJC_ARC = YES;
				CLANG_ENABLE_OBJC_WEAK = YES;
				CLANG_WARN_BLOCK_CAPTURE_AUTORELEASING = YES;
				CLANG_WARN_BOOL_CONVERSION = YES;
				CLANG_WARN_COMMA = YES;
				CLANG_WARN_CONSTANT_CONVERSION = YES;
				CLANG_WARN_DEPRECATED_OBJC_IMPLEMENTATIONS = YES;
				CLANG_WARN_DIRECT_OBJC_ISA_USAGE = YES_ERROR;
				CLANG_WARN_DOCUMENTATION_COMMENTS = YES;
				CLANG_WARN_EMPTY_BODY = YES;
				CLANG_WARN_ENUM_CONVERSION = YES;
				CLANG_WARN_INFINITE_RECURSION = YES;
				CLANG_WARN_INT_CONVERSION = YES;
				CLANG_WARN_NON_LITERAL_NULL_CONVERSION = YES;
				CLANG_WARN_OBJC_IMPLICIT_RETAIN_SELF = YES;
				CLANG_WARN_OBJC_LITERAL_CONVERSION = YES;
				CLANG_WARN_OBJC_ROOT_CLASS = YES_ERROR;
				CLANG_WARN_QUOTED_INCLUDE_IN_FRAMEWORK_HEADER = YES;
				CLANG_WARN_RANGE_LOOP_ANALYSIS = YES;
				CLANG_WARN_STRICT_PROTOTYPES = YES;
				CLANG_WARN_SUSPICIOUS_MOVE = YES;
				CLANG_WARN_UNGUARDED_AVAILABILITY = YES_AGGRESSIVE;
				CLANG_WARN_UNREACHABLE_CODE = YES;
				CLANG_WARN__DUPLICATE_METHOD_MATCH = YES;
				COPY_PHASE_STRIP = NO;
				DEBUG_INFORMATION_FORMAT = "dwarf-with-dsym";
				ENABLE_NS_ASSERTIONS = NO;
				ENABLE_STRICT_OBJC_MSGSEND = YES;
				GCC_C_LANGUAGE_STANDARD = gnu11;
				GCC_NO_COMMON_BLOCKS = YES;
				GCC_WARN_64_TO_32_BIT_CONVERSION = YES;
				GCC_WARN_ABOUT_RETURN_TYPE = YES_ERROR;
				GCC_WARN_UNDECLARED_SELECTOR = YES;
				GCC_WARN_UNINITIALIZED_AUTOS = YES_AGGRESSIVE;
				GCC_WARN_UNUSED_FUNCTION = YES;
				GCC_WARN_UNUSED_VARIABLE = YES;
				MTL_ENABLE_DEBUG_INFO = NO;
				MTL_FAST_MATH = YES;
				SWIFT_COMPILATION_MODE = wholemodule;
				SWIFT_OPTIMIZATION_LEVEL = "-O";
			};
			name = Release;
		};
		5A100CF9265531B900C00534 /* Debug */ = {
			isa = XCBuildConfiguration;
			buildSettings = {
				ASSETCATALOG_COMPILER_APPICON_NAME = AppIcon;
				ASSETCATALOG_COMPILER_GLOBAL_ACCENT_COLOR_NAME = AccentColor;
				CODE_SIGN_STYLE = Automatic;
				DEVELOPMENT_TEAM = DVQ96RL2KL;
				ENABLE_PREVIEWS = YES;
				INFOPLIST_FILE = iOS/Info.plist;
				IPHONEOS_DEPLOYMENT_TARGET = 14.0;
				LD_RUNPATH_SEARCH_PATHS = (
					"$(inherited)",
					"@executable_path/Frameworks",
				);
				PRODUCT_BUNDLE_IDENTIFIER = com.telethon.SignalGenerator;
				PRODUCT_NAME = SignalGenerator;
				SDKROOT = iphoneos;
				SWIFT_VERSION = 5.0;
				TARGETED_DEVICE_FAMILY = "1,2";
			};
			name = Debug;
		};
		5A100CFA265531B900C00534 /* Release */ = {
			isa = XCBuildConfiguration;
			buildSettings = {
				ASSETCATALOG_COMPILER_APPICON_NAME = AppIcon;
				ASSETCATALOG_COMPILER_GLOBAL_ACCENT_COLOR_NAME = AccentColor;
				CODE_SIGN_STYLE = Automatic;
				DEVELOPMENT_TEAM = DVQ96RL2KL;
				ENABLE_PREVIEWS = YES;
				INFOPLIST_FILE = iOS/Info.plist;
				IPHONEOS_DEPLOYMENT_TARGET = 14.0;
				LD_RUNPATH_SEARCH_PATHS = (
					"$(inherited)",
					"@executable_path/Frameworks",
				);
				PRODUCT_BUNDLE_IDENTIFIER = com.telethon.SignalGenerator;
				PRODUCT_NAME = SignalGenerator;
				SDKROOT = iphoneos;
				SWIFT_VERSION = 5.0;
				TARGETED_DEVICE_FAMILY = "1,2";
				VALIDATE_PRODUCT = YES;
			};
			name = Release;
		};
		5A100CFC265531B900C00534 /* Debug */ = {
			isa = XCBuildConfiguration;
			buildSettings = {
				ASSETCATALOG_COMPILER_APPICON_NAME = AppIcon;
				ASSETCATALOG_COMPILER_GLOBAL_ACCENT_COLOR_NAME = AccentColor;
				CODE_SIGN_ENTITLEMENTS = macOS/macOS.entitlements;
				CODE_SIGN_STYLE = Automatic;
				COMBINE_HIDPI_IMAGES = YES;
				DEVELOPMENT_TEAM = DVQ96RL2KL;
				ENABLE_HARDENED_RUNTIME = YES;
				ENABLE_PREVIEWS = YES;
				INFOPLIST_FILE = macOS/Info.plist;
				LD_RUNPATH_SEARCH_PATHS = (
					"$(inherited)",
					"@executable_path/../Frameworks",
				);
				MACOSX_DEPLOYMENT_TARGET = 11.0;
				PRODUCT_BUNDLE_IDENTIFIER = com.telethon.SignalGenerator;
				PRODUCT_NAME = SignalGenerator;
				SDKROOT = macosx;
				SWIFT_VERSION = 5.0;
			};
			name = Debug;
		};
		5A100CFD265531B900C00534 /* Release */ = {
			isa = XCBuildConfiguration;
			buildSettings = {
				ASSETCATALOG_COMPILER_APPICON_NAME = AppIcon;
				ASSETCATALOG_COMPILER_GLOBAL_ACCENT_COLOR_NAME = AccentColor;
				CODE_SIGN_ENTITLEMENTS = macOS/macOS.entitlements;
				CODE_SIGN_STYLE = Automatic;
				COMBINE_HIDPI_IMAGES = YES;
				DEVELOPMENT_TEAM = DVQ96RL2KL;
				ENABLE_HARDENED_RUNTIME = YES;
				ENABLE_PREVIEWS = YES;
				INFOPLIST_FILE = macOS/Info.plist;
				LD_RUNPATH_SEARCH_PATHS = (
					"$(inherited)",
					"@executable_path/../Frameworks",
				);
				MACOSX_DEPLOYMENT_TARGET = 11.0;
				PRODUCT_BUNDLE_IDENTIFIER = com.telethon.SignalGenerator;
				PRODUCT_NAME = SignalGenerator;
				SDKROOT = macosx;
				SWIFT_VERSION = 5.0;
			};
			name = Release;
		};
/* End XCBuildConfiguration section */

/* Begin XCConfigurationList section */
		5A100CDB265531B800C00534 /* Build configuration list for PBXProject "SignalGenerator" */ = {
			isa = XCConfigurationList;
			buildConfigurations = (
				5A100CF6265531B900C00534 /* Debug */,
				5A100CF7265531B900C00534 /* Release */,
			);
			defaultConfigurationIsVisible = 0;
			defaultConfigurationName = Release;
		};
		5A100CF8265531B900C00534 /* Build configuration list for PBXNativeTarget "SignalGenerator (iOS)" */ = {
			isa = XCConfigurationList;
			buildConfigurations = (
				5A100CF9265531B900C00534 /* Debug */,
				5A100CFA265531B900C00534 /* Release */,
			);
			defaultConfigurationIsVisible = 0;
			defaultConfigurationName = Release;
		};
		5A100CFB265531B900C00534 /* Build configuration list for PBXNativeTarget "SignalGenerator (macOS)" */ = {
			isa = XCConfigurationList;
			buildConfigurations = (
				5A100CFC265531B900C00534 /* Debug */,
				5A100CFD265531B900C00534 /* Release */,
			);
			defaultConfigurationIsVisible = 0;
			defaultConfigurationName = Release;
		};
/* End XCConfigurationList section */
	};
	rootObject = 5A100CD8265531B800C00534 /* Project object */;
}
